# THIS IS AN AUTOGENERATED FILE. DO NOT EDIT THIS FILE DIRECTLY.
# yarn lockfile v1


globimp@^1.0.11:
  version "1.0.11"
  resolved "https://registry.yarnpkg.com/globimp/-/globimp-1.0.11.tgz#cbbec50530ce6a4e98ef838fdc1539bd8a87c900"
  integrity sha512-9OLnBImM7F+x5tLAk1oqk4fGSIwpnbdc6Q9ifMcLIND9uTota2rpMXaOyveF0bpD/VAVgszt1gP7HDBU35r7qw==
